// !$*UTF8*$!
{
	archiveVersion = 1;
	classes = {
	};
	objectVersion = 46;
	objects = {

/* Begin PBXBuildFile section */
		CFA0467F1DF0F7C700A666C9 /* main.m in Sources */ = {isa = PBXBuildFile; fileRef = CFA0467E1DF0F7C700A666C9 /* main.m */; };
		CFA046821DF0F7C700A666C9 /* AppDelegate.m in Sources */ = {isa = PBXBuildFile; fileRef = CFA046811DF0F7C700A666C9 /* AppDelegate.m */; };
		CFA046851DF0F7C700A666C9 /* ViewController.m in Sources */ = {isa = PBXBuildFile; fileRef = CFA046841DF0F7C700A666C9 /* ViewController.m */; };
		CFA046881DF0F7C700A666C9 /* Main.storyboard in Resources */ = {isa = PBXBuildFile; fileRef = CFA046861DF0F7C700A666C9 /* Main.storyboard */; };
		CFA0468A1DF0F7C700A666C9 /* Assets.xcassets in Resources */ = {isa = PBXBuildFile; fileRef = CFA046891DF0F7C700A666C9 /* Assets.xcassets */; };
		CFA0468D1DF0F7C700A666C9 /* LaunchScreen.storyboard in Resources */ = {isa = PBXBuildFile; fileRef = CFA0468B1DF0F7C700A666C9 /* LaunchScreen.storyboard */; };
		CFA046981DF0F7C700A666C9 /* TableViewDemoTests.m in Sources */ = {isa = PBXBuildFile; fileRef = CFA046971DF0F7C700A666C9 /* TableViewDemoTests.m */; };
		CFA046A41DF1088D00A666C9 /* CustomCell.xib in Resources */ = {isa = PBXBuildFile; fileRef = CFA046A31DF1088D00A666C9 /* CustomCell.xib */; };
		CFA046A71DF1092200A666C9 /* CustomCell.m in Sources */ = {isa = PBXBuildFile; fileRef = CFA046A61DF1092200A666C9 /* CustomCell.m */; };
/* End PBXBuildFile section */

/* Begin PBXContainerItemProxy section */
		CFA046941DF0F7C700A666C9 /* PBXContainerItemProxy */ = {
			isa = PBXContainerItemProxy;
			containerPortal = CFA046721DF0F7C600A666C9 /* Project object */;
			proxyType = 1;
			remoteGlobalIDString = CFA046791DF0F7C600A666C9;
			remoteInfo = TableViewDemo;
		};
/* End PBXContainerItemProxy section */

/* Begin PBXFileReference section */
		CFA0467A1DF0F7C600A666C9 /* TableViewDemo.app */ = {isa = PBXFileReference; explicitFileType = wrapper.application; includeInIndex = 0; path = TableViewDemo.app; sourceTree = BUILT_PRODUCTS_DIR; };
		CFA0467E1DF0F7C700A666C9 /* main.m */ = {isa = PBXFileReference; lastKnownFileType = sourcecode.c.objc; path = main.m; sourceTree = "<group>"; };
		CFA046801DF0F7C700A666C9 /* AppDelegate.h */ = {isa = PBXFileReference; lastKnownFileType = sourcecode.c.h; path = AppDelegate.h; sourceTree = "<group>"; };
		CFA046811DF0F7C700A666C9 /* AppDelegate.m */ = {isa = PBXFileReference; lastKnownFileType = sourcecode.c.objc; path = AppDelegate.m; sourceTree = "<group>"; };
		CFA046831DF0F7C700A666C9 /* ViewController.h */ = {isa = PBXFileReference; lastKnownFileType = sourcecode.c.h; path = ViewController.h; sourceTree = "<group>"; };
		CFA046841DF0F7C700A666C9 /* ViewController.m */ = {isa = PBXFileReference; lastKnownFileType = sourcecode.c.objc; path = ViewController.m; sourceTree = "<group>"; };
		CFA046871DF0F7C700A666C9 /* Base */ = {isa = PBXFileReference; lastKnownFileType = file.storyboard; name = Base; path = Base.lproj/Main.storyboard; sourceTree = "<group>"; };
		CFA046891DF0F7C700A666C9 /* Assets.xcassets */ = {isa = PBXFileReference; lastKnownFileType = folder.assetcatalog; path = Assets.xcassets; sourceTree = "<group>"; };
		CFA0468C1DF0F7C700A666C9 /* Base */ = {isa = PBXFileReference; lastKnownFileType = file.storyboard; name = Base; path = Base.lproj/LaunchScreen.storyboard; sourceTree = "<group>"; };
		CFA0468E1DF0F7C700A666C9 /* Info.plist */ = {isa = PBXFileReference; lastKnownFileType = text.plist.xml; path = Info.plist; sourceTree = "<group>"; };
		CFA046931DF0F7C700A666C9 /* TableViewDemoTests.xctest */ = {isa = PBXFileReference; explicitFileType = wrapper.cfbundle; includeInIndex = 0; path = TableViewDemoTests.xctest; sourceTree = BUILT_PRODUCTS_DIR; };
		CFA046971DF0F7C700A666C9 /* TableViewDemoTests.m */ = {isa = PBXFileReference; lastKnownFileType = sourcecode.c.objc; path = TableViewDemoTests.m; sourceTree = "<group>"; };
		CFA046991DF0F7C700A666C9 /* Info.plist */ = {isa = PBXFileReference; lastKnownFileType = text.plist.xml; path = Info.plist; sourceTree = "<group>"; };
		CFA046A31DF1088D00A666C9 /* CustomCell.xib */ = {isa = PBXFileReference; fileEncoding = 4; lastKnownFileType = file.xib; path = CustomCell.xib; sourceTree = "<group>"; };
		CFA046A51DF1092200A666C9 /* CustomCell.h */ = {isa = PBXFileReference; fileEncoding = 4; lastKnownFileType = sourcecode.c.h; path = CustomCell.h; sourceTree = "<group>"; };
		CFA046A61DF1092200A666C9 /* CustomCell.m */ = {isa = PBXFileReference; fileEncoding = 4; lastKnownFileType = sourcecode.c.objc; path = CustomCell.m; sourceTree = "<group>"; };
/* End PBXFileReference section */

/* Begin PBXFrameworksBuildPhase section */
		CFA046771DF0F7C600A666C9 /* Frameworks */ = {
			isa = PBXFrameworksBuildPhase;
			buildActionMask = 2147483647;
			files = (
			);
			runOnlyForDeploymentPostprocessing = 0;
		};
		CFA046901DF0F7C700A666C9 /* Frameworks */ = {
			isa = PBXFrameworksBuildPhase;
			buildActionMask = 2147483647;
			files = (
			);
			runOnlyForDeploymentPostprocessing = 0;
		};
/* End PBXFrameworksBuildPhase section */

/* Begin PBXGroup section */
		CFA046711DF0F7C600A666C9 = {
			isa = PBXGroup;
			children = (
				CFA0467C1DF0F7C700A666C9 /* TableViewDemo */,
				CFA046961DF0F7C700A666C9 /* TableViewDemoTests */,
				CFA0467B1DF0F7C600A666C9 /* Products */,
			);
			sourceTree = "<group>";
		};
		CFA0467B1DF0F7C600A666C9 /* Products */ = {
			isa = PBXGroup;
			children = (
				CFA0467A1DF0F7C600A666C9 /* TableViewDemo.app */,
				CFA046931DF0F7C700A666C9 /* TableViewDemoTests.xctest */,
			);
			name = Products;
			sourceTree = "<group>";
		};
		CFA0467C1DF0F7C700A666C9 /* TableViewDemo */ = {
			isa = PBXGroup;
			children = (
				CFA046A21DF1085700A666C9 /* View */,
				CFA046801DF0F7C700A666C9 /* AppDelegate.h */,
				CFA046811DF0F7C700A666C9 /* AppDelegate.m */,
				CFA046831DF0F7C700A666C9 /* ViewController.h */,
				CFA046841DF0F7C700A666C9 /* ViewController.m */,
				CFA046861DF0F7C700A666C9 /* Main.storyboard */,
				CFA046891DF0F7C700A666C9 /* Assets.xcassets */,
				CFA0468B1DF0F7C700A666C9 /* LaunchScreen.storyboard */,
				CFA0468E1DF0F7C700A666C9 /* Info.plist */,
				CFA0467D1DF0F7C700A666C9 /* Supporting Files */,
			);
			path = TableViewDemo;
			sourceTree = "<group>";
		};
		CFA0467D1DF0F7C700A666C9 /* Supporting Files */ = {
			isa = PBXGroup;
			children = (
				CFA0467E1DF0F7C700A666C9 /* main.m */,
			);
			name = "Supporting Files";
			sourceTree = "<group>";
		};
		CFA046961DF0F7C700A666C9 /* TableViewDemoTests */ = {
			isa = PBXGroup;
			children = (
				CFA046971DF0F7C700A666C9 /* TableViewDemoTests.m */,
				CFA046991DF0F7C700A666C9 /* Info.plist */,
			);
			path = TableViewDemoTests;
			sourceTree = "<group>";
		};
		CFA046A21DF1085700A666C9 /* View */ = {
			isa = PBXGroup;
			children = (
				CFA046A31DF1088D00A666C9 /* CustomCell.xib */,
				CFA046A51DF1092200A666C9 /* CustomCell.h */,
				CFA046A61DF1092200A666C9 /* CustomCell.m */,
			);
			name = View;
			sourceTree = "<group>";
		};
/* End PBXGroup section */

/* Begin PBXNativeTarget section */
		CFA046791DF0F7C600A666C9 /* TableViewDemo */ = {
			isa = PBXNativeTarget;
			buildConfigurationList = CFA0469C1DF0F7C700A666C9 /* Build configuration list for PBXNativeTarget "TableViewDemo" */;
			buildPhases = (
				CFA046761DF0F7C600A666C9 /* Sources */,
				CFA046771DF0F7C600A666C9 /* Frameworks */,
				CFA046781DF0F7C600A666C9 /* Resources */,
			);
			buildRules = (
			);
			dependencies = (
			);
			name = TableViewDemo;
			productName = TableViewDemo;
			productReference = CFA0467A1DF0F7C600A666C9 /* TableViewDemo.app */;
			productType = "com.apple.product-type.application";
		};
		CFA046921DF0F7C700A666C9 /* TableViewDemoTests */ = {
			isa = PBXNativeTarget;
			buildConfigurationList = CFA0469F1DF0F7C700A666C9 /* Build configuration list for PBXNativeTarget "TableViewDemoTests" */;
			buildPhases = (
				CFA0468F1DF0F7C700A666C9 /* Sources */,
				CFA046901DF0F7C700A666C9 /* Frameworks */,
				CFA046911DF0F7C700A666C9 /* Resources */,
			);
			buildRules = (
			);
			dependencies = (
				CFA046951DF0F7C700A666C9 /* PBXTargetDependency */,
			);
			name = TableViewDemoTests;
			productName = TableViewDemoTests;
			productReference = CFA046931DF0F7C700A666C9 /* TableViewDemoTests.xctest */;
			productType = "com.apple.product-type.bundle.unit-test";
		};
/* End PBXNativeTarget section */

/* Begin PBXProject section */
		CFA046721DF0F7C600A666C9 /* Project object */ = {
			isa = PBXProject;
			attributes = {
				LastUpgradeCheck = 0730;
				ORGANIZATIONNAME = LM;
				TargetAttributes = {
					CFA046791DF0F7C600A666C9 = {
						CreatedOnToolsVersion = 7.3.1;
					};
					CFA046921DF0F7C700A666C9 = {
						CreatedOnToolsVersion = 7.3.1;
						TestTargetID = CFA046791DF0F7C600A666C9;
					};
				};
			};
			buildConfigurationList = CFA046751DF0F7C600A666C9 /* Build configuration list for PBXProject "TableViewDemo" */;
			compatibilityVersion = "Xcode 3.2";
			developmentRegion = English;
			hasScannedForEncodings = 0;
			knownRegions = (
				en,
				Base,
			);
			mainGroup = CFA046711DF0F7C600A666C9;
			productRefGroup = CFA0467B1DF0F7C600A666C9 /* Products */;
			projectDirPath = "";
			projectRoot = "";
			targets = (
				CFA046791DF0F7C600A666C9 /* TableViewDemo */,
				CFA046921DF0F7C700A666C9 /* TableViewDemoTests */,
			);
		};
/* End PBXProject section */

/* Begin PBXResourcesBuildPhase section */
		CFA046781DF0F7C600A666C9 /* Resources */ = {
			isa = PBXResourcesBuildPhase;
			buildActionMask = 2147483647;
			files = (
				CFA0468D1DF0F7C700A666C9 /* LaunchScreen.storyboard in Resources */,
				CFA0468A1DF0F7C700A666C9 /* Assets.xcassets in Resources */,
				CFA046A41DF1088D00A666C9 /* CustomCell.xib in Resources */,
				CFA046881DF0F7C700A666C9 /* Main.storyboard in Resources */,
			);
			runOnlyForDeploymentPostprocessing = 0;
		};
		CFA046911DF0F7C700A666C9 /* Resources */ = {
			isa = PBXResourcesBuildPhase;
			buildActionMask = 2147483647;
			files = (
			);
			runOnlyForDeploymentPostprocessing = 0;
		};
/* End PBXResourcesBuildPhase section */

/* Begin PBXSourcesBuildPhase section */
		CFA046761DF0F7C600A666C9 /* Sources */ = {
			isa = PBXSourcesBuildPhase;
			buildActionMask = 2147483647;
			files = (
				CFA046851DF0F7C700A666C9 /* ViewController.m in Sources */,
				CFA046821DF0F7C700A666C9 /* AppDelegate.m in Sources */,
				CFA046A71DF1092200A666C9 /* CustomCell.m in Sources */,
				CFA0467F1DF0F7C700A666C9 /* main.m in Sources */,
			);
			runOnlyForDeploymentPostprocessing = 0;
		};
		CFA0468F1DF0F7C700A666C9 /* Sources */ = {
			isa = PBXSourcesBuildPhase;
			buildActionMask = 2147483647;
			files = (
				CFA046981DF0F7C700A666C9 /* TableViewDemoTests.m in Sources */,
			);
			runOnlyForDeploymentPostprocessing = 0;
		};
/* End PBXSourcesBuildPhase section */

/* Begin PBXTargetDependency section */
		CFA046951DF0F7C700A666C9 /* PBXTargetDependency */ = {
			isa = PBXTargetDependency;
			target = CFA046791DF0F7C600A666C9 /* TableViewDemo */;
			targetProxy = CFA046941DF0F7C700A666C9 /* PBXContainerItemProxy */;
		};
/* End PBXTargetDependency section */

/* Begin PBXVariantGroup section */
		CFA046861DF0F7C700A666C9 /* Main.storyboard */ = {
			isa = PBXVariantGroup;
			children = (
				CFA046871DF0F7C700A666C9 /* Base */,
			);
			name = Main.storyboard;
			sourceTree = "<group>";
		};
		CFA0468B1DF0F7C700A666C9 /* LaunchScreen.storyboard */ = {
			isa = PBXVariantGroup;
			children = (
				CFA0468C1DF0F7C700A666C9 /* Base */,
			);
			name = LaunchScreen.storyboard;
			sourceTree = "<group>";
		};
/* End PBXVariantGroup section */

/* Begin XCBuildConfiguration section */
		CFA0469A1DF0F7C700A666C9 /* Debug */ = {
			isa = XCBuildConfiguration;
			buildSettings = {
				ALWAYS_SEARCH_USER_PATHS = NO;
				CLANG_ANALYZER_NONNULL = YES;
				CLANG_CXX_LANGUAGE_STANDARD = "gnu++0x";
				CLANG_CXX_LIBRARY = "libc++";
				CLANG_ENABLE_MODULES = YES;
				CLANG_ENABLE_OBJC_ARC = YES;
				CLANG_WARN_BOOL_CONVERSION = YES;
				CLANG_WARN_CONSTANT_CONVERSION = YES;
				CLANG_WARN_DIRECT_OBJC_ISA_USAGE = YES_ERROR;
				CLANG_WARN_EMPTY_BODY = YES;
				CLANG_WARN_ENUM_CONVERSION = YES;
				CLANG_WARN_INT_CONVERSION = YES;
				CLANG_WARN_OBJC_ROOT_CLASS = YES_ERROR;
				CLANG_WARN_UNREACHABLE_CODE = YES;
				CLANG_WARN__DUPLICATE_METHOD_MATCH = YES;
				"CODE_SIGN_IDENTITY[sdk=iphoneos*]" = "iPhone Developer";
				COPY_PHASE_STRIP = NO;
				DEBUG_INFORMATION_FORMAT = dwarf;
				ENABLE_STRICT_OBJC_MSGSEND = YES;
				ENABLE_TESTABILITY = YES;
				GCC_C_LANGUAGE_STANDARD = gnu99;
				GCC_DYNAMIC_NO_PIC = NO;
				GCC_NO_COMMON_BLOCKS = YES;
				GCC_OPTIMIZATION_LEVEL = 0;
				GCC_PREPROCESSOR_DEFINITIONS = (
					"DEBUG=1",
					"$(inherited)",
				);
				GCC_WARN_64_TO_32_BIT_CONVERSION = YES;
				GCC_WARN_ABOUT_RETURN_TYPE = YES_ERROR;
				GCC_WARN_UNDECLARED_SELECTOR = YES;
				GCC_WARN_UNINITIALIZED_AUTOS = YES_AGGRESSIVE;
				GCC_WARN_UNUSED_FUNCTION = YES;
				GCC_WARN_UNUSED_VARIABLE = YES;
				IPHONEOS_DEPLOYMENT_TARGET = 9.3;
				MTL_ENABLE_DEBUG_INFO = YES;
				ONLY_ACTIVE_ARCH = YES;
				SDKROOT = iphoneos;
				TARGETED_DEVICE_FAMILY = "1,2";
			};
			name = Debug;
		};
		CFA0469B1DF0F7C700A666C9 /* Release */ = {
			isa = XCBuildConfiguration;
			buildSettings = {
				ALWAYS_SEARCH_USER_PATHS = NO;
				CLANG_ANALYZER_NONNULL = YES;
				CLANG_CXX_LANGUAGE_STANDARD = "gnu++0x";
				CLANG_CXX_LIBRARY = "libc++";
				CLANG_ENABLE_MODULES = YES;
				CLANG_ENABLE_OBJC_ARC = YES;
				CLANG_WARN_BOOL_CONVERSION = YES;
				CLANG_WARN_CONSTANT_CONVERSION = YES;
				CLANG_WARN_DIRECT_OBJC_ISA_USAGE = YES_ERROR;
				CLANG_WARN_EMPTY_BODY = YES;
				CLANG_WARN_ENUM_CONVERSION = YES;
				CLANG_WARN_INT_CONVERSION = YES;
				CLANG_WARN_OBJC_ROOT_CLASS = YES_ERROR;
				CLANG_WARN_UNREACHABLE_CODE = YES;
				CLANG_WARN__DUPLICATE_METHOD_MATCH = YES;
				"CODE_SIGN_IDENTITY[sdk=iphoneos*]" = "iPhone Developer";
				COPY_PHASE_STRIP = NO;
				DEBUG_INFORMATION_FORMAT = "dwarf-with-dsym";
				ENABLE_NS_ASSERTIONS = NO;
				ENABLE_STRICT_OBJC_MSGSEND = YES;
				GCC_C_LANGUAGE_STANDARD = gnu99;
				GCC_NO_COMMON_BLOCKS = YES;
				GCC_WARN_64_TO_32_BIT_CONVERSION = YES;
				GCC_WARN_ABOUT_RETURN_TYPE = YES_ERROR;
				GCC_WARN_UNDECLARED_SELECTOR = YES;
				GCC_WARN_UNINITIALIZED_AUTOS = YES_AGGRESSIVE;
				GCC_WARN_UNUSED_FUNCTION = YES;
				GCC_WARN_UNUSED_VARIABLE = YES;
				IPHONEOS_DEPLOYMENT_TARGET = 9.3;
				MTL_ENABLE_DEBUG_INFO = NO;
				SDKROOT = iphoneos;
				TARGETED_DEVICE_FAMILY = "1,2";
				VALIDATE_PRODUCT = YES;
			};
			name = Release;
		};
		CFA0469D1DF0F7C700A666C9 /* Debug */ = {
			isa = XCBuildConfiguration;
			buildSettings = {
				ASSETCATALOG_COMPILER_APPICON_NAME = AppIcon;
				INFOPLIST_FILE = TableViewDemo/Info.plist;
				LD_RUNPATH_SEARCH_PATHS = "$(inherited) @executable_path/Frameworks";
				PRODUCT_BUNDLE_IDENTIFIER = com.lm.TableViewDemo;
				PRODUCT_NAME = "$(TARGET_NAME)";
			};
			name = Debug;
		};
		CFA0469E1DF0F7C700A666C9 /* Release */ = {
			isa = XCBuildConfiguration;
			buildSettings = {
				ASSETCATALOG_COMPILER_APPICON_NAME = AppIcon;
				INFOPLIST_FILE = TableViewDemo/Info.plist;
				LD_RUNPATH_SEARCH_PATHS = "$(inherited) @executable_path/Frameworks";
				PRODUCT_BUNDLE_IDENTIFIER = com.lm.TableViewDemo;
				PRODUCT_NAME = "$(TARGET_NAME)";
			};
			name = Release;
		};
		CFA046A01DF0F7C700A666C9 /* Debug */ = {
			isa = XCBuildConfiguration;
			buildSettings = {
				BUNDLE_LOADER = "$(TEST_HOST)";
				INFOPLIST_FILE = TableViewDemoTests/Info.plist;
				LD_RUNPATH_SEARCH_PATHS = "$(inherited) @executable_path/Frameworks @loader_path/Frameworks";
				PRODUCT_BUNDLE_IDENTIFIER = com.lm.TableViewDemoTests;
				PRODUCT_NAME = "$(TARGET_NAME)";
				TEST_HOST = "$(BUILT_PRODUCTS_DIR)/TableViewDemo.app/TableViewDemo";
			};
			name = Debug;
		};
		CFA046A11DF0F7C700A666C9 /* Release */ = {
			isa = XCBuildConfiguration;
			buildSettings = {
				BUNDLE_LOADER = "$(TEST_HOST)";
				INFOPLIST_FILE = TableViewDemoTests/Info.plist;
				LD_RUNPATH_SEARCH_PATHS = "$(inherited) @executable_path/Frameworks @loader_path/Frameworks";
				PRODUCT_BUNDLE_IDENTIFIER = com.lm.TableViewDemoTests;
				PRODUCT_NAME = "$(TARGET_NAME)";
				TEST_HOST = "$(BUILT_PRODUCTS_DIR)/TableViewDemo.app/TableViewDemo";
			};
			name = Release;
		};
/* End XCBuildConfiguration section */

/* Begin XCConfigurationList section */
		CFA046751DF0F7C600A666C9 /* Build configuration list for PBXProject "TableViewDemo" */ = {
			isa = XCConfigurationList;
			buildConfigurations = (
				CFA0469A1DF0F7C700A666C9 /* Debug */,
				CFA0469B1DF0F7C700A666C9 /* Release */,
			);
			defaultConfigurationIsVisible = 0;
			defaultConfigurationName = Release;
		};
		CFA0469C1DF0F7C700A666C9 /* Build configuration list for PBXNativeTarget "TableViewDemo" */ = {
			isa = XCConfigurationList;
			buildConfigurations = (
				CFA0469D1DF0F7C700A666C9 /* Debug */,
				CFA0469E1DF0F7C700A666C9 /* Release */,
			);
			defaultConfigurationIsVisible = 0;
		};
		CFA0469F1DF0F7C700A666C9 /* Build configuration list for PBXNativeTarget "TableViewDemoTests" */ = {
			isa = XCConfigurationList;
			buildConfigurations = (
				CFA046A01DF0F7C700A666C9 /* Debug */,
				CFA046A11DF0F7C700A666C9 /* Release */,
			);
			defaultConfigurationIsVisible = 0;
		};
/* End XCConfigurationList section */
	};
	rootObject = CFA046721DF0F7C600A666C9 /* Project object */;
}
